
Microsoft Visual Studio Solution File, Format Version 12.00
# Visual Studio Version 17
VisualStudioVersion = 17.6.33801.468
MinimumVisualStudioVersion = 10.0.40219.1
Project("{9A19103F-16F7-4668-BE54-9A1E7A4F7556}") = "ThreadLivraison", "ThreadLivraison\ThreadLivraison.csproj", "{0333BE17-218C-4679-AF72-916AE6BC6415}"
EndProject
Project("{FAE04EC0-301F-11D3-BF4B-00C04F79EFBC}") = "Utilitaires", "Utilitaires\Utilitaires.csproj", "{213D44ED-64A9-4F46-B6AF-D1F578926350}"
EndProject
Global
	GlobalSection(SolutionConfigurationPlatforms) = preSolution
		Debug|Any CPU = Debug|Any CPU
		Release|Any CPU = Release|Any CPU
	EndGlobalSection
	GlobalSection(ProjectConfigurationPlatforms) = postSolution
		{0333BE17-218C-4679-AF72-916AE6BC6415}.Debug|Any CPU.ActiveCfg = Debug|Any CPU
		{0333BE17-218C-4679-AF72-916AE6BC6415}.Debug|Any CPU.Build.0 = Debug|Any CPU
		{0333BE17-218C-4679-AF72-916AE6BC6415}.Release|Any CPU.ActiveCfg = Release|Any CPU
		{0333BE17-218C-4679-AF72-916AE6BC6415}.Release|Any CPU.Build.0 = Release|Any CPU
		{213D44ED-64A9-4F46-B6AF-D1F578926350}.Debug|Any CPU.ActiveCfg = Debug|Any CPU
		{213D44ED-64A9-4F46-B6AF-D1F578926350}.Debug|Any CPU.Build.0 = Debug|Any CPU
		{213D44ED-64A9-4F46-B6AF-D1F578926350}.Release|Any CPU.ActiveCfg = Release|Any CPU
		{213D44ED-64A9-4F46-B6AF-D1F578926350}.Release|Any CPU.Build.0 = Release|Any CPU
	EndGlobalSection
	GlobalSection(SolutionProperties) = preSolution
		HideSolutionNode = FALSE
	EndGlobalSection
	GlobalSection(ExtensibilityGlobals) = postSolution
		SolutionGuid = {0E3E4506-3A25-45FB-9029-1A03D9CDCD27}
	EndGlobalSection
EndGlobal
